<?xml version="1.0" encoding="utf-8"?>
<Project ToolsVersion="4.0" xmlns="http://schemas.microsoft.com/developer/msbuild/2003">
  <ItemGroup>
    <Filter Include="Source Files">
      <UniqueIdentifier>{4cdce1b9-6702-4e85-8abb-0e1eb18016e8}</UniqueIdentifier>
      <Extensions>cpp;c;cxx;def;odl;idl;hpj;bat;asm</Extensions>
    </Filter>
    <Filter Include="Header Files">
      <UniqueIdentifier>{fd18706a-4be9-458c-8e18-42c6b4f64407}</UniqueIdentifier>
      <Extensions>h;hpp;hxx;hm;inl;inc</Extensions>
    </Filter>
    <Filter Include="Resource Files">
      <UniqueIdentifier>{211c8234-d66c-40cd-9e48-2e7d0cf72924}</UniqueIdentifier>
      <Extensions>rc;ico;cur;bmp;dlg;rc2;rct;bin;rgs;jpg;jpeg;jpe;manifest</Extensions>
    </Filter>
  </ItemGroup>
  <ItemGroup>
    <Text Include="license.txt" />
    <Text Include="readme.txt" />
  </ItemGroup>
  <ItemGroup>
    <ClCompile Include="iTunesRepair.cpp">
      <Filter>Source Files</Filter>
    </ClCompile>
    <ClCompile Include="stdafx.cpp">
      <Filter>Source Files</Filter>
    </ClCompile>
    <ClCompile Include="CiTunesService.cpp">
      <Filter>Source Files</Filter>
    </ClCompile>
    <ClCompile Include="CWinServiceManger.cpp">
      <Filter>Source Files</Filter>
    </ClCompile>
    <ClCompile Include="CiTunesIPCSvr.cpp">
      <Filter>Source Files</Filter>
    </ClCompile>
    <ClCompile Include="CiTunesIPCClient.cpp">
      <Filter>Source Files</Filter>
    </ClCompile>
  </ItemGroup>
  <ItemGroup>
    <ResourceCompile Include="iTunesRepair.rc">
      <Filter>Resource Files</Filter>
    </ResourceCompile>
  </ItemGroup>
  <ItemGroup>
    <ClInclude Include="resource.h">
      <Filter>Header Files</Filter>
    </ClInclude>
    <ClInclude Include="stdafx.h">
      <Filter>Header Files</Filter>
    </ClInclude>
    <ClInclude Include="CiTunesService.h">
      <Filter>Header Files</Filter>
    </ClInclude>
    <ClInclude Include="CWinServiceManger.h">
      <Filter>Header Files</Filter>
    </ClInclude>
    <ClInclude Include="CiTunesIPCSvr.h">
      <Filter>Header Files</Filter>
    </ClInclude>
    <ClInclude Include="CiTunesIPCClient.h">
      <Filter>Header Files</Filter>
    </ClInclude>
    <ClInclude Include="protocol.h">
      <Filter>Header Files</Filter>
    </ClInclude>
  </ItemGroup>
  <ItemGroup>
    <None Include="res\soui_res.rc2">
      <Filter>Resource Files</Filter>
    </None>
  </ItemGroup>
</Project>